
Microsoft Visual Studio Solution File, Format Version 12.00
# Visual Studio 15
VisualStudioVersion = 15.0.27004.2010
MinimumVisualStudioVersion = 10.0.40219.1
Project("{9A19103F-16F7-4668-BE54-9A1E7A4F7556}") = "NCStudio.WeChatService.Core", "NCStudio.WeChatService.Core\NCStudio.WeChatService.Core.csproj", "{1AFC0D13-D71F-4B86-A958-4AAA75BA62F3}"
EndProject
Project("{2150E333-8FDC-42A3-9474-1A3956D46DE8}") = "src", "src", "{166AD6D2-7CAB-4F7B-8C8D-8F7147826BC4}"
EndProject
Project("{2150E333-8FDC-42A3-9474-1A3956D46DE8}") = "test", "test", "{D174AB57-C740-4218-82F2-1F3F8E8740D4}"
EndProject
Project("{9A19103F-16F7-4668-BE54-9A1E7A4F7556}") = "UnitTest.WeChatService.Core", "UnitTest.WeChatService.Core\UnitTest.WeChatService.Core.csproj", "{9ECCE772-BF7D-44F5-A579-CCBC695269DE}"
EndProject
Project("{9A19103F-16F7-4668-BE54-9A1E7A4F7556}") = "NCStudio.WeChatService.Data", "NCStudio.WeChatService.Data\NCStudio.WeChatService.Data.csproj", "{B28D877D-6F4B-4C2D-954C-6DD494DB74D7}"
EndProject
Project("{FAE04EC0-301F-11D3-BF4B-00C04F79EFBC}") = "NCStudio.WeChatService.App", "NCStudio.WeChatService.App\NCStudio.WeChatService.App.csproj", "{6F51C3F7-CD8D-4FD9-BED7-79B5A35E298D}"
EndProject
Project("{FAE04EC0-301F-11D3-BF4B-00C04F79EFBC}") = "UnitTest.WeChatService.App", "UnitTest.WeChatService.App\UnitTest.WeChatService.App.csproj", "{62D466CB-29D4-4832-AFCB-46FD754B916D}"
EndProject
Global
	GlobalSection(SolutionConfigurationPlatforms) = preSolution
		Debug|Any CPU = Debug|Any CPU
		Release|Any CPU = Release|Any CPU
	EndGlobalSection
	GlobalSection(ProjectConfigurationPlatforms) = postSolution
		{1AFC0D13-D71F-4B86-A958-4AAA75BA62F3}.Debug|Any CPU.ActiveCfg = Debug|Any CPU
		{1AFC0D13-D71F-4B86-A958-4AAA75BA62F3}.Debug|Any CPU.Build.0 = Debug|Any CPU
		{1AFC0D13-D71F-4B86-A958-4AAA75BA62F3}.Release|Any CPU.ActiveCfg = Release|Any CPU
		{1AFC0D13-D71F-4B86-A958-4AAA75BA62F3}.Release|Any CPU.Build.0 = Release|Any CPU
		{9ECCE772-BF7D-44F5-A579-CCBC695269DE}.Debug|Any CPU.ActiveCfg = Debug|Any CPU
		{9ECCE772-BF7D-44F5-A579-CCBC695269DE}.Debug|Any CPU.Build.0 = Debug|Any CPU
		{9ECCE772-BF7D-44F5-A579-CCBC695269DE}.Release|Any CPU.ActiveCfg = Release|Any CPU
		{9ECCE772-BF7D-44F5-A579-CCBC695269DE}.Release|Any CPU.Build.0 = Release|Any CPU
		{B28D877D-6F4B-4C2D-954C-6DD494DB74D7}.Debug|Any CPU.ActiveCfg = Debug|Any CPU
		{B28D877D-6F4B-4C2D-954C-6DD494DB74D7}.Debug|Any CPU.Build.0 = Debug|Any CPU
		{B28D877D-6F4B-4C2D-954C-6DD494DB74D7}.Release|Any CPU.ActiveCfg = Release|Any CPU
		{B28D877D-6F4B-4C2D-954C-6DD494DB74D7}.Release|Any CPU.Build.0 = Release|Any CPU
		{6F51C3F7-CD8D-4FD9-BED7-79B5A35E298D}.Debug|Any CPU.ActiveCfg = Debug|Any CPU
		{6F51C3F7-CD8D-4FD9-BED7-79B5A35E298D}.Debug|Any CPU.Build.0 = Debug|Any CPU
		{6F51C3F7-CD8D-4FD9-BED7-79B5A35E298D}.Release|Any CPU.ActiveCfg = Release|Any CPU
		{6F51C3F7-CD8D-4FD9-BED7-79B5A35E298D}.Release|Any CPU.Build.0 = Release|Any CPU
		{62D466CB-29D4-4832-AFCB-46FD754B916D}.Debug|Any CPU.ActiveCfg = Debug|Any CPU
		{62D466CB-29D4-4832-AFCB-46FD754B916D}.Debug|Any CPU.Build.0 = Debug|Any CPU
		{62D466CB-29D4-4832-AFCB-46FD754B916D}.Release|Any CPU.ActiveCfg = Release|Any CPU
		{62D466CB-29D4-4832-AFCB-46FD754B916D}.Release|Any CPU.Build.0 = Release|Any CPU
	EndGlobalSection
	GlobalSection(SolutionProperties) = preSolution
		HideSolutionNode = FALSE
	EndGlobalSection
	GlobalSection(NestedProjects) = preSolution
		{1AFC0D13-D71F-4B86-A958-4AAA75BA62F3} = {166AD6D2-7CAB-4F7B-8C8D-8F7147826BC4}
		{9ECCE772-BF7D-44F5-A579-CCBC695269DE} = {D174AB57-C740-4218-82F2-1F3F8E8740D4}
		{B28D877D-6F4B-4C2D-954C-6DD494DB74D7} = {166AD6D2-7CAB-4F7B-8C8D-8F7147826BC4}
		{6F51C3F7-CD8D-4FD9-BED7-79B5A35E298D} = {166AD6D2-7CAB-4F7B-8C8D-8F7147826BC4}
		{62D466CB-29D4-4832-AFCB-46FD754B916D} = {D174AB57-C740-4218-82F2-1F3F8E8740D4}
	EndGlobalSection
	GlobalSection(ExtensibilityGlobals) = postSolution
		SolutionGuid = {F058E580-7985-46B5-A36C-4C30CE1A6A23}
	EndGlobalSection
EndGlobal
